// !$*UTF8*$!
{
	archiveVersion = 1;
	classes = {
	};
	objectVersion = 46;
	objects = {

/* Begin PBXBuildFile section */
		2E3F7EB314EDB5EE00D8F6A1 /* SFAccountDetailsVC.m in Sources */ = {isa = PBXBuildFile; fileRef = 2E3F7EB214EDB5EE00D8F6A1 /* SFAccountDetailsVC.m */; };
		2EB2728314ED01F000D1C133 /* SFUser.m in Sources */ = {isa = PBXBuildFile; fileRef = 2EB2728214ED01F000D1C133 /* SFUser.m */; };
		2EB2728814ED682400D1C133 /* SFCustomTableViewCell.m in Sources */ = {isa = PBXBuildFile; fileRef = 2EB2728714ED682400D1C133 /* SFCustomTableViewCell.m */; };
		2EB8B52B14EA879200182314 /* UIKit.framework in Frameworks */ = {isa = PBXBuildFile; fileRef = 2EB8B52A14EA879200182314 /* UIKit.framework */; };
		2EB8B52D14EA879200182314 /* Foundation.framework in Frameworks */ = {isa = PBXBuildFile; fileRef = 2EB8B52C14EA879200182314 /* Foundation.framework */; };
		2EB8B52F14EA879200182314 /* CoreGraphics.framework in Frameworks */ = {isa = PBXBuildFile; fileRef = 2EB8B52E14EA879200182314 /* CoreGraphics.framework */; };
		2EB8B53514EA879200182314 /* InfoPlist.strings in Resources */ = {isa = PBXBuildFile; fileRef = 2EB8B53314EA879200182314 /* InfoPlist.strings */; };
		2EB8B53714EA879200182314 /* main.m in Sources */ = {isa = PBXBuildFile; fileRef = 2EB8B53614EA879200182314 /* main.m */; };
		2EB8B53B14EA879200182314 /* SFAppDelegate.m in Sources */ = {isa = PBXBuildFile; fileRef = 2EB8B53A14EA879200182314 /* SFAppDelegate.m */; };
		2EB8B53E14EA879200182314 /* MainStoryboard_iPhone.storyboard in Resources */ = {isa = PBXBuildFile; fileRef = 2EB8B53C14EA879200182314 /* MainStoryboard_iPhone.storyboard */; };
		2EB8B54614EA879200182314 /* first.png in Resources */ = {isa = PBXBuildFile; fileRef = 2EB8B54514EA879200182314 /* first.png */; };
		2EB8B54814EA879200182314 /* first@2x.png in Resources */ = {isa = PBXBuildFile; fileRef = 2EB8B54714EA879200182314 /* first@2x.png */; };
		2EB8B54D14EA879200182314 /* second.png in Resources */ = {isa = PBXBuildFile; fileRef = 2EB8B54C14EA879200182314 /* second.png */; };
		2EB8B54F14EA879200182314 /* second@2x.png in Resources */ = {isa = PBXBuildFile; fileRef = 2EB8B54E14EA879200182314 /* second@2x.png */; };
		2EB8B56E14EA89CC00182314 /* libJSONKit.a in Frameworks */ = {isa = PBXBuildFile; fileRef = 2EB8B56914EA89CC00182314 /* libJSONKit.a */; };
		2EB8B56F14EA89CC00182314 /* libOAuth2Client.a in Frameworks */ = {isa = PBXBuildFile; fileRef = 2EB8B56A14EA89CC00182314 /* libOAuth2Client.a */; };
		2EB8B57014EA89CC00182314 /* libOHAttributedLabel.a in Frameworks */ = {isa = PBXBuildFile; fileRef = 2EB8B56B14EA89CC00182314 /* libOHAttributedLabel.a */; };
		2EB8B57114EA89CC00182314 /* libSoundCloudAPI.a in Frameworks */ = {isa = PBXBuildFile; fileRef = 2EB8B56C14EA89CC00182314 /* libSoundCloudAPI.a */; };
		2EB8B57214EA89CC00182314 /* libSoundCloudUI.a in Frameworks */ = {isa = PBXBuildFile; fileRef = 2EB8B56D14EA89CC00182314 /* libSoundCloudUI.a */; };
		2EB8B57914EA8A2700182314 /* AddressBook.framework in Frameworks */ = {isa = PBXBuildFile; fileRef = 2EB8B57314EA8A2700182314 /* AddressBook.framework */; };
		2EB8B57A14EA8A2700182314 /* AddressBookUI.framework in Frameworks */ = {isa = PBXBuildFile; fileRef = 2EB8B57414EA8A2700182314 /* AddressBookUI.framework */; };
		2EB8B57B14EA8A2700182314 /* CoreLocation.framework in Frameworks */ = {isa = PBXBuildFile; fileRef = 2EB8B57514EA8A2700182314 /* CoreLocation.framework */; };
		2EB8B57C14EA8A2700182314 /* CoreText.framework in Frameworks */ = {isa = PBXBuildFile; fileRef = 2EB8B57614EA8A2700182314 /* CoreText.framework */; };
		2EB8B57D14EA8A2700182314 /* QuartzCore.framework in Frameworks */ = {isa = PBXBuildFile; fileRef = 2EB8B57714EA8A2700182314 /* QuartzCore.framework */; };
		2EB8B57E14EA8A2700182314 /* Security.framework in Frameworks */ = {isa = PBXBuildFile; fileRef = 2EB8B57814EA8A2700182314 /* Security.framework */; };
		2EB8B58114EA8ACF00182314 /* SoundCloud.bundle in Resources */ = {isa = PBXBuildFile; fileRef = 2EB8B58014EA8ACF00182314 /* SoundCloud.bundle */; };
		2EB8B58514EA947300182314 /* SFFeedsTVC.m in Sources */ = {isa = PBXBuildFile; fileRef = 2EB8B58314EA947300182314 /* SFFeedsTVC.m */; };
		2EC9771F14EEB33300761F2B /* account.png in Resources */ = {isa = PBXBuildFile; fileRef = 2EC9771D14EEB33300761F2B /* account.png */; };
		2EC9772014EEB33300761F2B /* favs.png in Resources */ = {isa = PBXBuildFile; fileRef = 2EC9771E14EEB33300761F2B /* favs.png */; };
		2EC9772314EEBA4E00761F2B /* loading_wav2.png in Resources */ = {isa = PBXBuildFile; fileRef = 2EC9772214EEBA4E00761F2B /* loading_wav2.png */; };
		2EDAAD3714EFEA8E00681E3C /* NoFavsView.xib in Resources */ = {isa = PBXBuildFile; fileRef = 2EDAAD3614EFEA8E00681E3C /* NoFavsView.xib */; };
/* End PBXBuildFile section */

/* Begin PBXFileReference section */
		2E3F7EB114EDB5EE00D8F6A1 /* SFAccountDetailsVC.h */ = {isa = PBXFileReference; fileEncoding = 4; lastKnownFileType = sourcecode.c.h; path = SFAccountDetailsVC.h; sourceTree = "<group>"; };
		2E3F7EB214EDB5EE00D8F6A1 /* SFAccountDetailsVC.m */ = {isa = PBXFileReference; fileEncoding = 4; lastKnownFileType = sourcecode.c.objc; path = SFAccountDetailsVC.m; sourceTree = "<group>"; };
		2EB2728114ED01F000D1C133 /* SFUser.h */ = {isa = PBXFileReference; fileEncoding = 4; lastKnownFileType = sourcecode.c.h; path = SFUser.h; sourceTree = "<group>"; };
		2EB2728214ED01F000D1C133 /* SFUser.m */ = {isa = PBXFileReference; fileEncoding = 4; lastKnownFileType = sourcecode.c.objc; path = SFUser.m; sourceTree = "<group>"; };
		2EB2728614ED682400D1C133 /* SFCustomTableViewCell.h */ = {isa = PBXFileReference; fileEncoding = 4; lastKnownFileType = sourcecode.c.h; path = SFCustomTableViewCell.h; sourceTree = "<group>"; };
		2EB2728714ED682400D1C133 /* SFCustomTableViewCell.m */ = {isa = PBXFileReference; fileEncoding = 4; lastKnownFileType = sourcecode.c.objc; path = SFCustomTableViewCell.m; sourceTree = "<group>"; };
		2EB8B52614EA879200182314 /* SoundcloudFavs.app */ = {isa = PBXFileReference; explicitFileType = wrapper.application; includeInIndex = 0; path = SoundcloudFavs.app; sourceTree = BUILT_PRODUCTS_DIR; };
		2EB8B52A14EA879200182314 /* UIKit.framework */ = {isa = PBXFileReference; lastKnownFileType = wrapper.framework; name = UIKit.framework; path = System/Library/Frameworks/UIKit.framework; sourceTree = SDKROOT; };
		2EB8B52C14EA879200182314 /* Foundation.framework */ = {isa = PBXFileReference; lastKnownFileType = wrapper.framework; name = Foundation.framework; path = System/Library/Frameworks/Foundation.framework; sourceTree = SDKROOT; };
		2EB8B52E14EA879200182314 /* CoreGraphics.framework */ = {isa = PBXFileReference; lastKnownFileType = wrapper.framework; name = CoreGraphics.framework; path = System/Library/Frameworks/CoreGraphics.framework; sourceTree = SDKROOT; };
		2EB8B53214EA879200182314 /* SoundcloudFavs-Info.plist */ = {isa = PBXFileReference; lastKnownFileType = text.plist.xml; path = "SoundcloudFavs-Info.plist"; sourceTree = "<group>"; };
		2EB8B53414EA879200182314 /* en */ = {isa = PBXFileReference; lastKnownFileType = text.plist.strings; name = en; path = en.lproj/InfoPlist.strings; sourceTree = "<group>"; };
		2EB8B53614EA879200182314 /* main.m */ = {isa = PBXFileReference; lastKnownFileType = sourcecode.c.objc; path = main.m; sourceTree = "<group>"; };
		2EB8B53814EA879200182314 /* SoundcloudFavs-Prefix.pch */ = {isa = PBXFileReference; lastKnownFileType = sourcecode.c.h; path = "SoundcloudFavs-Prefix.pch"; sourceTree = "<group>"; };
		2EB8B53914EA879200182314 /* SFAppDelegate.h */ = {isa = PBXFileReference; lastKnownFileType = sourcecode.c.h; path = SFAppDelegate.h; sourceTree = "<group>"; };
		2EB8B53A14EA879200182314 /* SFAppDelegate.m */ = {isa = PBXFileReference; lastKnownFileType = sourcecode.c.objc; path = SFAppDelegate.m; sourceTree = "<group>"; };
		2EB8B53D14EA879200182314 /* en */ = {isa = PBXFileReference; lastKnownFileType = file.storyboard; name = en; path = en.lproj/MainStoryboard_iPhone.storyboard; sourceTree = "<group>"; };
		2EB8B54514EA879200182314 /* first.png */ = {isa = PBXFileReference; lastKnownFileType = image.png; path = first.png; sourceTree = "<group>"; };
		2EB8B54714EA879200182314 /* first@2x.png */ = {isa = PBXFileReference; lastKnownFileType = image.png; path = "first@2x.png"; sourceTree = "<group>"; };
		2EB8B54C14EA879200182314 /* second.png */ = {isa = PBXFileReference; lastKnownFileType = image.png; path = second.png; sourceTree = "<group>"; };
		2EB8B54E14EA879200182314 /* second@2x.png */ = {isa = PBXFileReference; lastKnownFileType = image.png; path = "second@2x.png"; sourceTree = "<group>"; };
		2EB8B56914EA89CC00182314 /* libJSONKit.a */ = {isa = PBXFileReference; lastKnownFileType = archive.ar; name = libJSONKit.a; path = "JSONKit/build/Release-iphoneos/libJSONKit.a"; sourceTree = "<group>"; };
		2EB8B56A14EA89CC00182314 /* libOAuth2Client.a */ = {isa = PBXFileReference; lastKnownFileType = archive.ar; name = libOAuth2Client.a; path = "OAuth2Client/build/Release-iphoneos/libOAuth2Client.a"; sourceTree = "<group>"; };
		2EB8B56B14EA89CC00182314 /* libOHAttributedLabel.a */ = {isa = PBXFileReference; lastKnownFileType = archive.ar; name = libOHAttributedLabel.a; path = "OHAttributedLabel/build/Release-iphoneos/libOHAttributedLabel.a"; sourceTree = "<group>"; };
		2EB8B56C14EA89CC00182314 /* libSoundCloudAPI.a */ = {isa = PBXFileReference; lastKnownFileType = archive.ar; name = libSoundCloudAPI.a; path = "CocoaSoundCloudAPI/build/Release-iphoneos/libSoundCloudAPI.a"; sourceTree = "<group>"; };
		2EB8B56D14EA89CC00182314 /* libSoundCloudUI.a */ = {isa = PBXFileReference; lastKnownFileType = archive.ar; name = libSoundCloudUI.a; path = "CocoaSoundCloudUI/build/Release-iphoneos/libSoundCloudUI.a"; sourceTree = "<group>"; };
		2EB8B57314EA8A2700182314 /* AddressBook.framework */ = {isa = PBXFileReference; lastKnownFileType = wrapper.framework; name = AddressBook.framework; path = System/Library/Frameworks/AddressBook.framework; sourceTree = SDKROOT; };
		2EB8B57414EA8A2700182314 /* AddressBookUI.framework */ = {isa = PBXFileReference; lastKnownFileType = wrapper.framework; name = AddressBookUI.framework; path = System/Library/Frameworks/AddressBookUI.framework; sourceTree = SDKROOT; };
		2EB8B57514EA8A2700182314 /* CoreLocation.framework */ = {isa = PBXFileReference; lastKnownFileType = wrapper.framework; name = CoreLocation.framework; path = System/Library/Frameworks/CoreLocation.framework; sourceTree = SDKROOT; };
		2EB8B57614EA8A2700182314 /* CoreText.framework */ = {isa = PBXFileReference; lastKnownFileType = wrapper.framework; name = CoreText.framework; path = System/Library/Frameworks/CoreText.framework; sourceTree = SDKROOT; };
		2EB8B57714EA8A2700182314 /* QuartzCore.framework */ = {isa = PBXFileReference; lastKnownFileType = wrapper.framework; name = QuartzCore.framework; path = System/Library/Frameworks/QuartzCore.framework; sourceTree = SDKROOT; };
		2EB8B57814EA8A2700182314 /* Security.framework */ = {isa = PBXFileReference; lastKnownFileType = wrapper.framework; name = Security.framework; path = System/Library/Frameworks/Security.framework; sourceTree = SDKROOT; };
		2EB8B58014EA8ACF00182314 /* SoundCloud.bundle */ = {isa = PBXFileReference; lastKnownFileType = "wrapper.plug-in"; name = SoundCloud.bundle; path = ../CocoaSoundCloudUI/SoundCloud.bundle; sourceTree = "<group>"; };
		2EB8B58214EA947300182314 /* SFFeedsTVC.h */ = {isa = PBXFileReference; fileEncoding = 4; lastKnownFileType = sourcecode.c.h; path = SFFeedsTVC.h; sourceTree = "<group>"; };
		2EB8B58314EA947300182314 /* SFFeedsTVC.m */ = {isa = PBXFileReference; fileEncoding = 4; lastKnownFileType = sourcecode.c.objc; path = SFFeedsTVC.m; sourceTree = "<group>"; };
		2EC9771D14EEB33300761F2B /* account.png */ = {isa = PBXFileReference; lastKnownFileType = image.png; path = account.png; sourceTree = "<group>"; };
		2EC9771E14EEB33300761F2B /* favs.png */ = {isa = PBXFileReference; lastKnownFileType = image.png; path = favs.png; sourceTree = "<group>"; };
		2EC9772214EEBA4E00761F2B /* loading_wav2.png */ = {isa = PBXFileReference; lastKnownFileType = image.png; path = loading_wav2.png; sourceTree = "<group>"; };
		2EDAAD3614EFEA8E00681E3C /* NoFavsView.xib */ = {isa = PBXFileReference; fileEncoding = 4; lastKnownFileType = file.xib; path = NoFavsView.xib; sourceTree = "<group>"; };
/* End PBXFileReference section */

/* Begin PBXFrameworksBuildPhase section */
		2EB8B52314EA879200182314 /* Frameworks */ = {
			isa = PBXFrameworksBuildPhase;
			buildActionMask = 2147483647;
			files = (
				2EB8B57914EA8A2700182314 /* AddressBook.framework in Frameworks */,
				2EB8B57A14EA8A2700182314 /* AddressBookUI.framework in Frameworks */,
				2EB8B57B14EA8A2700182314 /* CoreLocation.framework in Frameworks */,
				2EB8B57C14EA8A2700182314 /* CoreText.framework in Frameworks */,
				2EB8B57D14EA8A2700182314 /* QuartzCore.framework in Frameworks */,
				2EB8B57E14EA8A2700182314 /* Security.framework in Frameworks */,
				2EB8B52F14EA879200182314 /* CoreGraphics.framework in Frameworks */,
				2EB8B56E14EA89CC00182314 /* libJSONKit.a in Frameworks */,
				2EB8B56F14EA89CC00182314 /* libOAuth2Client.a in Frameworks */,
				2EB8B57014EA89CC00182314 /* libOHAttributedLabel.a in Frameworks */,
				2EB8B57114EA89CC00182314 /* libSoundCloudAPI.a in Frameworks */,
				2EB8B57214EA89CC00182314 /* libSoundCloudUI.a in Frameworks */,
				2EB8B52B14EA879200182314 /* UIKit.framework in Frameworks */,
				2EB8B52D14EA879200182314 /* Foundation.framework in Frameworks */,
			);
			runOnlyForDeploymentPostprocessing = 0;
		};
/* End PBXFrameworksBuildPhase section */

/* Begin PBXGroup section */
		2EB2727F14ECF7D000D1C133 /* Images */ = {
			isa = PBXGroup;
			children = (
				2EC9771D14EEB33300761F2B /* account.png */,
				2EC9771E14EEB33300761F2B /* favs.png */,
				2EC9772214EEBA4E00761F2B /* loading_wav2.png */,
				2EB8B54514EA879200182314 /* first.png */,
				2EB8B54714EA879200182314 /* first@2x.png */,
				2EB8B54C14EA879200182314 /* second.png */,
				2EB8B54E14EA879200182314 /* second@2x.png */,
			);
			name = Images;
			sourceTree = "<group>";
		};
		2EB2728014ED01C600D1C133 /* Models */ = {
			isa = PBXGroup;
			children = (
				2EB2728114ED01F000D1C133 /* SFUser.h */,
				2EB2728214ED01F000D1C133 /* SFUser.m */,
			);
			name = Models;
			sourceTree = "<group>";
		};
		2EB8B51B14EA879100182314 = {
			isa = PBXGroup;
			children = (
				2EB8B53014EA879200182314 /* SoundcloudFavs */,
				2EB8B52914EA879200182314 /* Frameworks */,
				2EB8B52714EA879200182314 /* Products */,
			);
			sourceTree = "<group>";
		};
		2EB8B52714EA879200182314 /* Products */ = {
			isa = PBXGroup;
			children = (
				2EB8B52614EA879200182314 /* SoundcloudFavs.app */,
			);
			name = Products;
			sourceTree = "<group>";
		};
		2EB8B52914EA879200182314 /* Frameworks */ = {
			isa = PBXGroup;
			children = (
				2EB8B57314EA8A2700182314 /* AddressBook.framework */,
				2EB8B57414EA8A2700182314 /* AddressBookUI.framework */,
				2EB8B57514EA8A2700182314 /* CoreLocation.framework */,
				2EB8B57614EA8A2700182314 /* CoreText.framework */,
				2EB8B57714EA8A2700182314 /* QuartzCore.framework */,
				2EB8B57814EA8A2700182314 /* Security.framework */,
				2EB8B56914EA89CC00182314 /* libJSONKit.a */,
				2EB8B56A14EA89CC00182314 /* libOAuth2Client.a */,
				2EB8B56B14EA89CC00182314 /* libOHAttributedLabel.a */,
				2EB8B56C14EA89CC00182314 /* libSoundCloudAPI.a */,
				2EB8B56D14EA89CC00182314 /* libSoundCloudUI.a */,
				2EB8B52A14EA879200182314 /* UIKit.framework */,
				2EB8B52C14EA879200182314 /* Foundation.framework */,
				2EB8B52E14EA879200182314 /* CoreGraphics.framework */,
			);
			name = Frameworks;
			sourceTree = "<group>";
		};
		2EB8B53014EA879200182314 /* SoundcloudFavs */ = {
			isa = PBXGroup;
			children = (
				2EB8B53914EA879200182314 /* SFAppDelegate.h */,
				2EB8B53A14EA879200182314 /* SFAppDelegate.m */,
				2EB8B58214EA947300182314 /* SFFeedsTVC.h */,
				2EB8B58314EA947300182314 /* SFFeedsTVC.m */,
				2E3F7EB114EDB5EE00D8F6A1 /* SFAccountDetailsVC.h */,
				2E3F7EB214EDB5EE00D8F6A1 /* SFAccountDetailsVC.m */,
				2EB2728614ED682400D1C133 /* SFCustomTableViewCell.h */,
				2EB2728714ED682400D1C133 /* SFCustomTableViewCell.m */,
				2EB2728014ED01C600D1C133 /* Models */,
				2EB8B53114EA879200182314 /* Supporting Files */,
			);
			path = SoundcloudFavs;
			sourceTree = "<group>";
		};
		2EB8B53114EA879200182314 /* Supporting Files */ = {
			isa = PBXGroup;
			children = (
				2EB8B53C14EA879200182314 /* MainStoryboard_iPhone.storyboard */,
				2EDAAD3614EFEA8E00681E3C /* NoFavsView.xib */,
				2EB8B57F14EA8AA100182314 /* Resources */,
				2EB8B53214EA879200182314 /* SoundcloudFavs-Info.plist */,
				2EB8B53314EA879200182314 /* InfoPlist.strings */,
				2EB8B53614EA879200182314 /* main.m */,
				2EB8B53814EA879200182314 /* SoundcloudFavs-Prefix.pch */,
			);
			name = "Supporting Files";
			sourceTree = "<group>";
		};
		2EB8B57F14EA8AA100182314 /* Resources */ = {
			isa = PBXGroup;
			children = (
				2EB2727F14ECF7D000D1C133 /* Images */,
				2EB8B58014EA8ACF00182314 /* SoundCloud.bundle */,
			);
			name = Resources;
			sourceTree = "<group>";
		};
/* End PBXGroup section */

/* Begin PBXNativeTarget section */
		2EB8B52514EA879200182314 /* SoundcloudFavs */ = {
			isa = PBXNativeTarget;
			buildConfigurationList = 2EB8B55214EA879200182314 /* Build configuration list for PBXNativeTarget "SoundcloudFavs" */;
			buildPhases = (
				2EB8B52214EA879200182314 /* Sources */,
				2EB8B52314EA879200182314 /* Frameworks */,
				2EB8B52414EA879200182314 /* Resources */,
			);
			buildRules = (
			);
			dependencies = (
			);
			name = SoundcloudFavs;
			productName = SoundcloudFavs;
			productReference = 2EB8B52614EA879200182314 /* SoundcloudFavs.app */;
			productType = "com.apple.product-type.application";
		};
/* End PBXNativeTarget section */

/* Begin PBXProject section */
		2EB8B51D14EA879100182314 /* Project object */ = {
			isa = PBXProject;
			attributes = {
				LastUpgradeCheck = 0420;
				ORGANIZATIONNAME = "Queens University Belfast";
			};
			buildConfigurationList = 2EB8B52014EA879100182314 /* Build configuration list for PBXProject "SoundcloudFavs" */;
			compatibilityVersion = "Xcode 3.2";
			developmentRegion = English;
			hasScannedForEncodings = 0;
			knownRegions = (
				en,
			);
			mainGroup = 2EB8B51B14EA879100182314;
			productRefGroup = 2EB8B52714EA879200182314 /* Products */;
			projectDirPath = "";
			projectRoot = "";
			targets = (
				2EB8B52514EA879200182314 /* SoundcloudFavs */,
			);
		};
/* End PBXProject section */

/* Begin PBXResourcesBuildPhase section */
		2EB8B52414EA879200182314 /* Resources */ = {
			isa = PBXResourcesBuildPhase;
			buildActionMask = 2147483647;
			files = (
				2EB8B53514EA879200182314 /* InfoPlist.strings in Resources */,
				2EB8B53E14EA879200182314 /* MainStoryboard_iPhone.storyboard in Resources */,
				2EB8B54614EA879200182314 /* first.png in Resources */,
				2EB8B54814EA879200182314 /* first@2x.png in Resources */,
				2EB8B54D14EA879200182314 /* second.png in Resources */,
				2EB8B54F14EA879200182314 /* second@2x.png in Resources */,
				2EB8B58114EA8ACF00182314 /* SoundCloud.bundle in Resources */,
				2EC9771F14EEB33300761F2B /* account.png in Resources */,
				2EC9772014EEB33300761F2B /* favs.png in Resources */,
				2EC9772314EEBA4E00761F2B /* loading_wav2.png in Resources */,
				2EDAAD3714EFEA8E00681E3C /* NoFavsView.xib in Resources */,
			);
			runOnlyForDeploymentPostprocessing = 0;
		};
/* End PBXResourcesBuildPhase section */

/* Begin PBXSourcesBuildPhase section */
		2EB8B52214EA879200182314 /* Sources */ = {
			isa = PBXSourcesBuildPhase;
			buildActionMask = 2147483647;
			files = (
				2EB8B53714EA879200182314 /* main.m in Sources */,
				2EB8B53B14EA879200182314 /* SFAppDelegate.m in Sources */,
				2EB8B58514EA947300182314 /* SFFeedsTVC.m in Sources */,
				2EB2728314ED01F000D1C133 /* SFUser.m in Sources */,
				2EB2728814ED682400D1C133 /* SFCustomTableViewCell.m in Sources */,
				2E3F7EB314EDB5EE00D8F6A1 /* SFAccountDetailsVC.m in Sources */,
			);
			runOnlyForDeploymentPostprocessing = 0;
		};
/* End PBXSourcesBuildPhase section */

/* Begin PBXVariantGroup section */
		2EB8B53314EA879200182314 /* InfoPlist.strings */ = {
			isa = PBXVariantGroup;
			children = (
				2EB8B53414EA879200182314 /* en */,
			);
			name = InfoPlist.strings;
			sourceTree = "<group>";
		};
		2EB8B53C14EA879200182314 /* MainStoryboard_iPhone.storyboard */ = {
			isa = PBXVariantGroup;
			children = (
				2EB8B53D14EA879200182314 /* en */,
			);
			name = MainStoryboard_iPhone.storyboard;
			sourceTree = "<group>";
		};
/* End PBXVariantGroup section */

/* Begin XCBuildConfiguration section */
		2EB8B55014EA879200182314 /* Debug */ = {
			isa = XCBuildConfiguration;
			buildSettings = {
				ALWAYS_SEARCH_USER_PATHS = NO;
				ARCHS = "$(ARCHS_STANDARD_32_BIT)";
				CLANG_ENABLE_OBJC_ARC = YES;
				"CODE_SIGN_IDENTITY[sdk=iphoneos*]" = "iPhone Developer";
				COPY_PHASE_STRIP = NO;
				GCC_C_LANGUAGE_STANDARD = gnu99;
				GCC_DYNAMIC_NO_PIC = NO;
				GCC_OPTIMIZATION_LEVEL = 0;
				GCC_PREPROCESSOR_DEFINITIONS = (
					"DEBUG=1",
					"$(inherited)",
				);
				GCC_SYMBOLS_PRIVATE_EXTERN = NO;
				GCC_VERSION = com.apple.compilers.llvm.clang.1_0;
				GCC_WARN_ABOUT_MISSING_PROTOTYPES = YES;
				GCC_WARN_ABOUT_RETURN_TYPE = YES;
				GCC_WARN_UNUSED_VARIABLE = YES;
				HEADER_SEARCH_PATHS = "./**";
				IPHONEOS_DEPLOYMENT_TARGET = 5.0;
				OTHER_LDFLAGS = (
					"-all_load",
					"-ObjC",
				);
				SDKROOT = iphoneos;
				TARGETED_DEVICE_FAMILY = "1,2";
			};
			name = Debug;
		};
		2EB8B55114EA879200182314 /* Release */ = {
			isa = XCBuildConfiguration;
			buildSettings = {
				ALWAYS_SEARCH_USER_PATHS = NO;
				ARCHS = "$(ARCHS_STANDARD_32_BIT)";
				CLANG_ENABLE_OBJC_ARC = YES;
				"CODE_SIGN_IDENTITY[sdk=iphoneos*]" = "iPhone Developer";
				COPY_PHASE_STRIP = YES;
				GCC_C_LANGUAGE_STANDARD = gnu99;
				GCC_VERSION = com.apple.compilers.llvm.clang.1_0;
				GCC_WARN_ABOUT_MISSING_PROTOTYPES = YES;
				GCC_WARN_ABOUT_RETURN_TYPE = YES;
				GCC_WARN_UNUSED_VARIABLE = YES;
				HEADER_SEARCH_PATHS = "./**";
				IPHONEOS_DEPLOYMENT_TARGET = 5.0;
				OTHER_CFLAGS = "-DNS_BLOCK_ASSERTIONS=1";
				OTHER_LDFLAGS = (
					"-all_load",
					"-ObjC",
				);
				SDKROOT = iphoneos;
				TARGETED_DEVICE_FAMILY = "1,2";
				VALIDATE_PRODUCT = YES;
			};
			name = Release;
		};
		2EB8B55314EA879200182314 /* Debug */ = {
			isa = XCBuildConfiguration;
			buildSettings = {
				GCC_PRECOMPILE_PREFIX_HEADER = YES;
				GCC_PREFIX_HEADER = "SoundcloudFavs/SoundcloudFavs-Prefix.pch";
				INFOPLIST_FILE = "SoundcloudFavs/SoundcloudFavs-Info.plist";
				PRODUCT_NAME = "$(TARGET_NAME)";
				WRAPPER_EXTENSION = app;
			};
			name = Debug;
		};
		2EB8B55414EA879200182314 /* Release */ = {
			isa = XCBuildConfiguration;
			buildSettings = {
				GCC_PRECOMPILE_PREFIX_HEADER = YES;
				GCC_PREFIX_HEADER = "SoundcloudFavs/SoundcloudFavs-Prefix.pch";
				INFOPLIST_FILE = "SoundcloudFavs/SoundcloudFavs-Info.plist";
				PRODUCT_NAME = "$(TARGET_NAME)";
				WRAPPER_EXTENSION = app;
			};
			name = Release;
		};
/* End XCBuildConfiguration section */

/* Begin XCConfigurationList section */
		2EB8B52014EA879100182314 /* Build configuration list for PBXProject "SoundcloudFavs" */ = {
			isa = XCConfigurationList;
			buildConfigurations = (
				2EB8B55014EA879200182314 /* Debug */,
				2EB8B55114EA879200182314 /* Release */,
			);
			defaultConfigurationIsVisible = 0;
			defaultConfigurationName = Release;
		};
		2EB8B55214EA879200182314 /* Build configuration list for PBXNativeTarget "SoundcloudFavs" */ = {
			isa = XCConfigurationList;
			buildConfigurations = (
				2EB8B55314EA879200182314 /* Debug */,
				2EB8B55414EA879200182314 /* Release */,
			);
			defaultConfigurationIsVisible = 0;
			defaultConfigurationName = Release;
		};
/* End XCConfigurationList section */
	};
	rootObject = 2EB8B51D14EA879100182314 /* Project object */;
}
